
Microsoft Visual Studio Solution File, Format Version 12.00
# Visual Studio 15
Project("{FAE04EC0-301F-11D3-BF4B-00C04F79EFBC}") = "Assembly-CSharp", "Assembly-CSharp.csproj", "{0BEBA2D0-E837-1196-5C88-46C49F5DAE7C}"
EndProject
Project("{FAE04EC0-301F-11D3-BF4B-00C04F79EFBC}") = "Assembly-CSharp-Editor", "Assembly-CSharp-Editor.csproj", "{57615668-7FB5-8767-FF8A-7C58B3AFC397}"
EndProject
Global
	GlobalSection(SolutionConfigurationPlatforms) = preSolution
		Debug|Any CPU = Debug|Any CPU
		Release|Any CPU = Release|Any CPU
	EndGlobalSection
	GlobalSection(ProjectConfigurationPlatforms) = postSolution
		{0BEBA2D0-E837-1196-5C88-46C49F5DAE7C}.Debug|Any CPU.ActiveCfg = Debug|Any CPU
		{0BEBA2D0-E837-1196-5C88-46C49F5DAE7C}.Debug|Any CPU.Build.0 = Debug|Any CPU
		{0BEBA2D0-E837-1196-5C88-46C49F5DAE7C}.Release|Any CPU.ActiveCfg = Release|Any CPU
		{0BEBA2D0-E837-1196-5C88-46C49F5DAE7C}.Release|Any CPU.Build.0 = Release|Any CPU
		{57615668-7FB5-8767-FF8A-7C58B3AFC397}.Debug|Any CPU.ActiveCfg = Debug|Any CPU
		{57615668-7FB5-8767-FF8A-7C58B3AFC397}.Debug|Any CPU.Build.0 = Debug|Any CPU
		{57615668-7FB5-8767-FF8A-7C58B3AFC397}.Release|Any CPU.ActiveCfg = Release|Any CPU
		{57615668-7FB5-8767-FF8A-7C58B3AFC397}.Release|Any CPU.Build.0 = Release|Any CPU
	EndGlobalSection
	GlobalSection(SolutionProperties) = preSolution
		HideSolutionNode = FALSE
	EndGlobalSection
EndGlobal
